
Microsoft Visual Studio Solution File, Format Version 12.00
# Visual Studio Version 17
VisualStudioVersion = 17.5.33530.505
MinimumVisualStudioVersion = 10.0.40219.1
Project("{9A19103F-16F7-4668-BE54-9A1E7A4F7556}") = "Arenda", "Arenda.csproj", "{D870F3F2-585A-43D2-8D43-6B8311CDD8B8}"
EndProject
Project("{2150E333-8FDC-42A3-9474-1A3956D46DE8}") = "Solution Items", "Solution Items", "{A1C677B0-AA3A-4BCD-9C82-0477DD1A074D}"
	ProjectSection(SolutionItems) = preProject
		.editorconfig = .editorconfig
	EndProjectSection
EndProject
Global
	GlobalSection(SolutionConfigurationPlatforms) = preSolution
		Debug|Any CPU = Debug|Any CPU
		Release|Any CPU = Release|Any CPU
	EndGlobalSection
	GlobalSection(ProjectConfigurationPlatforms) = postSolution
		{D870F3F2-585A-43D2-8D43-6B8311CDD8B8}.Debug|Any CPU.ActiveCfg = Debug|Any CPU
		{D870F3F2-585A-43D2-8D43-6B8311CDD8B8}.Debug|Any CPU.Build.0 = Debug|Any CPU
		{D870F3F2-585A-43D2-8D43-6B8311CDD8B8}.Release|Any CPU.ActiveCfg = Release|Any CPU
		{D870F3F2-585A-43D2-8D43-6B8311CDD8B8}.Release|Any CPU.Build.0 = Release|Any CPU
	EndGlobalSection
	GlobalSection(SolutionProperties) = preSolution
		HideSolutionNode = FALSE
	EndGlobalSection
	GlobalSection(ExtensibilityGlobals) = postSolution
		SolutionGuid = {A137667E-F7A5-4E69-BF1A-2CF669C5D2B3}
	EndGlobalSection
EndGlobal
